
Microsoft Visual Studio Solution File, Format Version 12.00
# Visual Studio 15
VisualStudioVersion = 15.0.27130.2010
MinimumVisualStudioVersion = 10.0.40219.1
Project("{FAE04EC0-301F-11D3-BF4B-00C04F79EFBC}") = "Softheme_TestTask_2018", "Softheme_TestTask_2018\Softheme_TestTask_2018.csproj", "{A520EA67-3E61-40A7-98A7-8F3AF06B70CC}"
EndProject
Global
	GlobalSection(SolutionConfigurationPlatforms) = preSolution
		Debug|Any CPU = Debug|Any CPU
		Release|Any CPU = Release|Any CPU
	EndGlobalSection
	GlobalSection(ProjectConfigurationPlatforms) = postSolution
		{A520EA67-3E61-40A7-98A7-8F3AF06B70CC}.Debug|Any CPU.ActiveCfg = Debug|Any CPU
		{A520EA67-3E61-40A7-98A7-8F3AF06B70CC}.Debug|Any CPU.Build.0 = Debug|Any CPU
		{A520EA67-3E61-40A7-98A7-8F3AF06B70CC}.Release|Any CPU.ActiveCfg = Release|Any CPU
		{A520EA67-3E61-40A7-98A7-8F3AF06B70CC}.Release|Any CPU.Build.0 = Release|Any CPU
	EndGlobalSection
	GlobalSection(SolutionProperties) = preSolution
		HideSolutionNode = FALSE
	EndGlobalSection
	GlobalSection(ExtensibilityGlobals) = postSolution
		SolutionGuid = {45658CFB-D7B1-4D67-B20C-EC687B056850}
	EndGlobalSection
EndGlobal
